// !$*UTF8*$!
{
	archiveVersion = 1;
	classes = {
	};
	objectVersion = 50;
	objects = {

/* Begin PBXBuildFile section */
		C82456B025E4F5C700CB27D5 /* CollectionViewController.m in Sources */ = {isa = PBXBuildFile; fileRef = C82456AF25E4F5C700CB27D5 /* CollectionViewController.m */; };
		C82456B625E4F61300CB27D5 /* CollectionViewModel.m in Sources */ = {isa = PBXBuildFile; fileRef = C82456B525E4F61300CB27D5 /* CollectionViewModel.m */; };
		C82456C525E4F76100CB27D5 /* CollectionViewItem.m in Sources */ = {isa = PBXBuildFile; fileRef = C82456C425E4F76100CB27D5 /* CollectionViewItem.m */; };
		C82456CC25E4F7EB00CB27D5 /* CollectionViewCell.m in Sources */ = {isa = PBXBuildFile; fileRef = C82456CB25E4F7EB00CB27D5 /* CollectionViewCell.m */; };
		C82456D225E501CA00CB27D5 /* CollectionReusableView.m in Sources */ = {isa = PBXBuildFile; fileRef = C82456D125E501CA00CB27D5 /* CollectionReusableView.m */; };
		C8AB610B219E8FF300A91EBA /* AppDelegate.m in Sources */ = {isa = PBXBuildFile; fileRef = C8AB610A219E8FF300A91EBA /* AppDelegate.m */; };
		C8AB610E219E8FF300A91EBA /* ViewController.m in Sources */ = {isa = PBXBuildFile; fileRef = C8AB610D219E8FF300A91EBA /* ViewController.m */; };
		C8AB6111219E8FF300A91EBA /* Main.storyboard in Resources */ = {isa = PBXBuildFile; fileRef = C8AB610F219E8FF300A91EBA /* Main.storyboard */; };
		C8AB6113219E8FF600A91EBA /* Assets.xcassets in Resources */ = {isa = PBXBuildFile; fileRef = C8AB6112219E8FF600A91EBA /* Assets.xcassets */; };
		C8AB6116219E8FF600A91EBA /* LaunchScreen.storyboard in Resources */ = {isa = PBXBuildFile; fileRef = C8AB6114219E8FF600A91EBA /* LaunchScreen.storyboard */; };
		C8AB6119219E8FF600A91EBA /* main.m in Sources */ = {isa = PBXBuildFile; fileRef = C8AB6118219E8FF600A91EBA /* main.m */; };
		C8AB6123219E8FF600A91EBA /* MVVMACTests.m in Sources */ = {isa = PBXBuildFile; fileRef = C8AB6122219E8FF600A91EBA /* MVVMACTests.m */; };
		C8AB612E219E8FF600A91EBA /* MVVMACUITests.m in Sources */ = {isa = PBXBuildFile; fileRef = C8AB612D219E8FF600A91EBA /* MVVMACUITests.m */; };
		C8D3EC1D25E4D2A600474F01 /* ItemSectionIdentifier.m in Sources */ = {isa = PBXBuildFile; fileRef = C8D3EC1C25E4D2A600474F01 /* ItemSectionIdentifier.m */; };
		C8D3EC2325E4DE0800474F01 /* Items.m in Sources */ = {isa = PBXBuildFile; fileRef = C8D3EC2225E4DE0800474F01 /* Items.m */; };
		C8D3EC2C25E4EC9700474F01 /* ViewModel.m in Sources */ = {isa = PBXBuildFile; fileRef = C8D3EC2B25E4EC9700474F01 /* ViewModel.m */; };
/* End PBXBuildFile section */

/* Begin PBXContainerItemProxy section */
		C8AB611F219E8FF600A91EBA /* PBXContainerItemProxy */ = {
			isa = PBXContainerItemProxy;
			containerPortal = C8AB60FE219E8FF300A91EBA /* Project object */;
			proxyType = 1;
			remoteGlobalIDString = C8AB6105219E8FF300A91EBA;
			remoteInfo = MVVMAC;
		};
		C8AB612A219E8FF600A91EBA /* PBXContainerItemProxy */ = {
			isa = PBXContainerItemProxy;
			containerPortal = C8AB60FE219E8FF300A91EBA /* Project object */;
			proxyType = 1;
			remoteGlobalIDString = C8AB6105219E8FF300A91EBA;
			remoteInfo = MVVMAC;
		};
/* End PBXContainerItemProxy section */

/* Begin PBXFileReference section */
		C82456AE25E4F5C700CB27D5 /* CollectionViewController.h */ = {isa = PBXFileReference; lastKnownFileType = sourcecode.c.h; path = CollectionViewController.h; sourceTree = "<group>"; };
		C82456AF25E4F5C700CB27D5 /* CollectionViewController.m */ = {isa = PBXFileReference; lastKnownFileType = sourcecode.c.objc; path = CollectionViewController.m; sourceTree = "<group>"; };
		C82456B425E4F61300CB27D5 /* CollectionViewModel.h */ = {isa = PBXFileReference; lastKnownFileType = sourcecode.c.h; path = CollectionViewModel.h; sourceTree = "<group>"; };
		C82456B525E4F61300CB27D5 /* CollectionViewModel.m */ = {isa = PBXFileReference; lastKnownFileType = sourcecode.c.objc; path = CollectionViewModel.m; sourceTree = "<group>"; };
		C82456C325E4F76100CB27D5 /* CollectionViewItem.h */ = {isa = PBXFileReference; lastKnownFileType = sourcecode.c.h; path = CollectionViewItem.h; sourceTree = "<group>"; };
		C82456C425E4F76100CB27D5 /* CollectionViewItem.m */ = {isa = PBXFileReference; lastKnownFileType = sourcecode.c.objc; path = CollectionViewItem.m; sourceTree = "<group>"; };
		C82456CA25E4F7EB00CB27D5 /* CollectionViewCell.h */ = {isa = PBXFileReference; lastKnownFileType = sourcecode.c.h; path = CollectionViewCell.h; sourceTree = "<group>"; };
		C82456CB25E4F7EB00CB27D5 /* CollectionViewCell.m */ = {isa = PBXFileReference; lastKnownFileType = sourcecode.c.objc; path = CollectionViewCell.m; sourceTree = "<group>"; };
		C82456D025E501CA00CB27D5 /* CollectionReusableView.h */ = {isa = PBXFileReference; lastKnownFileType = sourcecode.c.h; path = CollectionReusableView.h; sourceTree = "<group>"; };
		C82456D125E501CA00CB27D5 /* CollectionReusableView.m */ = {isa = PBXFileReference; lastKnownFileType = sourcecode.c.objc; path = CollectionReusableView.m; sourceTree = "<group>"; };
		C8AB6106219E8FF300A91EBA /* MVVMAC.app */ = {isa = PBXFileReference; explicitFileType = wrapper.application; includeInIndex = 0; path = MVVMAC.app; sourceTree = BUILT_PRODUCTS_DIR; };
		C8AB6109219E8FF300A91EBA /* AppDelegate.h */ = {isa = PBXFileReference; lastKnownFileType = sourcecode.c.h; path = AppDelegate.h; sourceTree = "<group>"; };
		C8AB610A219E8FF300A91EBA /* AppDelegate.m */ = {isa = PBXFileReference; lastKnownFileType = sourcecode.c.objc; path = AppDelegate.m; sourceTree = "<group>"; };
		C8AB610C219E8FF300A91EBA /* ViewController.h */ = {isa = PBXFileReference; lastKnownFileType = sourcecode.c.h; path = ViewController.h; sourceTree = "<group>"; };
		C8AB610D219E8FF300A91EBA /* ViewController.m */ = {isa = PBXFileReference; lastKnownFileType = sourcecode.c.objc; path = ViewController.m; sourceTree = "<group>"; };
		C8AB6110219E8FF300A91EBA /* Base */ = {isa = PBXFileReference; lastKnownFileType = file.storyboard; name = Base; path = Base.lproj/Main.storyboard; sourceTree = "<group>"; };
		C8AB6112219E8FF600A91EBA /* Assets.xcassets */ = {isa = PBXFileReference; lastKnownFileType = folder.assetcatalog; path = Assets.xcassets; sourceTree = "<group>"; };
		C8AB6115219E8FF600A91EBA /* Base */ = {isa = PBXFileReference; lastKnownFileType = file.storyboard; name = Base; path = Base.lproj/LaunchScreen.storyboard; sourceTree = "<group>"; };
		C8AB6117219E8FF600A91EBA /* Info.plist */ = {isa = PBXFileReference; lastKnownFileType = text.plist.xml; path = Info.plist; sourceTree = "<group>"; };
		C8AB6118219E8FF600A91EBA /* main.m */ = {isa = PBXFileReference; lastKnownFileType = sourcecode.c.objc; path = main.m; sourceTree = "<group>"; };
		C8AB611E219E8FF600A91EBA /* MVVMACTests.xctest */ = {isa = PBXFileReference; explicitFileType = wrapper.cfbundle; includeInIndex = 0; path = MVVMACTests.xctest; sourceTree = BUILT_PRODUCTS_DIR; };
		C8AB6122219E8FF600A91EBA /* MVVMACTests.m */ = {isa = PBXFileReference; lastKnownFileType = sourcecode.c.objc; path = MVVMACTests.m; sourceTree = "<group>"; };
		C8AB6124219E8FF600A91EBA /* Info.plist */ = {isa = PBXFileReference; lastKnownFileType = text.plist.xml; path = Info.plist; sourceTree = "<group>"; };
		C8AB6129219E8FF600A91EBA /* MVVMACUITests.xctest */ = {isa = PBXFileReference; explicitFileType = wrapper.cfbundle; includeInIndex = 0; path = MVVMACUITests.xctest; sourceTree = BUILT_PRODUCTS_DIR; };
		C8AB612D219E8FF600A91EBA /* MVVMACUITests.m */ = {isa = PBXFileReference; lastKnownFileType = sourcecode.c.objc; path = MVVMACUITests.m; sourceTree = "<group>"; };
		C8AB612F219E8FF600A91EBA /* Info.plist */ = {isa = PBXFileReference; lastKnownFileType = text.plist.xml; path = Info.plist; sourceTree = "<group>"; };
		C8D3EC1B25E4D2A500474F01 /* ItemSectionIdentifier.h */ = {isa = PBXFileReference; lastKnownFileType = sourcecode.c.h; path = ItemSectionIdentifier.h; sourceTree = "<group>"; };
		C8D3EC1C25E4D2A600474F01 /* ItemSectionIdentifier.m */ = {isa = PBXFileReference; lastKnownFileType = sourcecode.c.objc; path = ItemSectionIdentifier.m; sourceTree = "<group>"; };
		C8D3EC2125E4DE0800474F01 /* Items.h */ = {isa = PBXFileReference; lastKnownFileType = sourcecode.c.h; path = Items.h; sourceTree = "<group>"; };
		C8D3EC2225E4DE0800474F01 /* Items.m */ = {isa = PBXFileReference; lastKnownFileType = sourcecode.c.objc; path = Items.m; sourceTree = "<group>"; };
		C8D3EC2A25E4EC9700474F01 /* ViewModel.h */ = {isa = PBXFileReference; lastKnownFileType = sourcecode.c.h; path = ViewModel.h; sourceTree = "<group>"; };
		C8D3EC2B25E4EC9700474F01 /* ViewModel.m */ = {isa = PBXFileReference; lastKnownFileType = sourcecode.c.objc; path = ViewModel.m; sourceTree = "<group>"; };
/* End PBXFileReference section */

/* Begin PBXFrameworksBuildPhase section */
		C8AB6103219E8FF300A91EBA /* Frameworks */ = {
			isa = PBXFrameworksBuildPhase;
			buildActionMask = 2147483647;
			files = (
			);
			runOnlyForDeploymentPostprocessing = 0;
		};
		C8AB611B219E8FF600A91EBA /* Frameworks */ = {
			isa = PBXFrameworksBuildPhase;
			buildActionMask = 2147483647;
			files = (
			);
			runOnlyForDeploymentPostprocessing = 0;
		};
		C8AB6126219E8FF600A91EBA /* Frameworks */ = {
			isa = PBXFrameworksBuildPhase;
			buildActionMask = 2147483647;
			files = (
			);
			runOnlyForDeploymentPostprocessing = 0;
		};
/* End PBXFrameworksBuildPhase section */

/* Begin PBXGroup section */
		C82456C925E4F7DF00CB27D5 /* Cell */ = {
			isa = PBXGroup;
			children = (
				C82456CA25E4F7EB00CB27D5 /* CollectionViewCell.h */,
				C82456CB25E4F7EB00CB27D5 /* CollectionViewCell.m */,
				C82456D025E501CA00CB27D5 /* CollectionReusableView.h */,
				C82456D125E501CA00CB27D5 /* CollectionReusableView.m */,
			);
			path = Cell;
			sourceTree = "<group>";
		};
		C8AB60FD219E8FF300A91EBA = {
			isa = PBXGroup;
			children = (
				C8AB6108219E8FF300A91EBA /* MVVMAC */,
				C8AB6121219E8FF600A91EBA /* MVVMACTests */,
				C8AB612C219E8FF600A91EBA /* MVVMACUITests */,
				C8AB6107219E8FF300A91EBA /* Products */,
			);
			sourceTree = "<group>";
		};
		C8AB6107219E8FF300A91EBA /* Products */ = {
			isa = PBXGroup;
			children = (
				C8AB6106219E8FF300A91EBA /* MVVMAC.app */,
				C8AB611E219E8FF600A91EBA /* MVVMACTests.xctest */,
				C8AB6129219E8FF600A91EBA /* MVVMACUITests.xctest */,
			);
			name = Products;
			sourceTree = "<group>";
		};
		C8AB6108219E8FF300A91EBA /* MVVMAC */ = {
			isa = PBXGroup;
			children = (
				C82456C925E4F7DF00CB27D5 /* Cell */,
				C8D3EC2925E4EC7E00474F01 /* View */,
				C8D3EC2825E4EC7500474F01 /* ViewModel */,
				C8D3EC2725E4EC6C00474F01 /* Model */,
				C8AB6109219E8FF300A91EBA /* AppDelegate.h */,
				C8AB610A219E8FF300A91EBA /* AppDelegate.m */,
				C8AB610F219E8FF300A91EBA /* Main.storyboard */,
				C8AB6112219E8FF600A91EBA /* Assets.xcassets */,
				C8AB6114219E8FF600A91EBA /* LaunchScreen.storyboard */,
				C8AB6117219E8FF600A91EBA /* Info.plist */,
				C8AB6118219E8FF600A91EBA /* main.m */,
			);
			path = MVVMAC;
			sourceTree = "<group>";
		};
		C8AB6121219E8FF600A91EBA /* MVVMACTests */ = {
			isa = PBXGroup;
			children = (
				C8AB6122219E8FF600A91EBA /* MVVMACTests.m */,
				C8AB6124219E8FF600A91EBA /* Info.plist */,
			);
			path = MVVMACTests;
			sourceTree = "<group>";
		};
		C8AB612C219E8FF600A91EBA /* MVVMACUITests */ = {
			isa = PBXGroup;
			children = (
				C8AB612D219E8FF600A91EBA /* MVVMACUITests.m */,
				C8AB612F219E8FF600A91EBA /* Info.plist */,
			);
			path = MVVMACUITests;
			sourceTree = "<group>";
		};
		C8D3EC2725E4EC6C00474F01 /* Model */ = {
			isa = PBXGroup;
			children = (
				C8D3EC1B25E4D2A500474F01 /* ItemSectionIdentifier.h */,
				C8D3EC1C25E4D2A600474F01 /* ItemSectionIdentifier.m */,
				C8D3EC2125E4DE0800474F01 /* Items.h */,
				C8D3EC2225E4DE0800474F01 /* Items.m */,
				C82456C325E4F76100CB27D5 /* CollectionViewItem.h */,
				C82456C425E4F76100CB27D5 /* CollectionViewItem.m */,
			);
			path = Model;
			sourceTree = "<group>";
		};
		C8D3EC2825E4EC7500474F01 /* ViewModel */ = {
			isa = PBXGroup;
			children = (
				C8D3EC2A25E4EC9700474F01 /* ViewModel.h */,
				C8D3EC2B25E4EC9700474F01 /* ViewModel.m */,
				C82456B425E4F61300CB27D5 /* CollectionViewModel.h */,
				C82456B525E4F61300CB27D5 /* CollectionViewModel.m */,
			);
			path = ViewModel;
			sourceTree = "<group>";
		};
		C8D3EC2925E4EC7E00474F01 /* View */ = {
			isa = PBXGroup;
			children = (
				C8AB610C219E8FF300A91EBA /* ViewController.h */,
				C8AB610D219E8FF300A91EBA /* ViewController.m */,
				C82456AE25E4F5C700CB27D5 /* CollectionViewController.h */,
				C82456AF25E4F5C700CB27D5 /* CollectionViewController.m */,
			);
			path = View;
			sourceTree = "<group>";
		};
/* End PBXGroup section */

/* Begin PBXNativeTarget section */
		C8AB6105219E8FF300A91EBA /* MVVMAC */ = {
			isa = PBXNativeTarget;
			buildConfigurationList = C8AB6132219E8FF600A91EBA /* Build configuration list for PBXNativeTarget "MVVMAC" */;
			buildPhases = (
				C8AB6102219E8FF300A91EBA /* Sources */,
				C8AB6103219E8FF300A91EBA /* Frameworks */,
				C8AB6104219E8FF300A91EBA /* Resources */,
			);
			buildRules = (
			);
			dependencies = (
			);
			name = MVVMAC;
			productName = MVVMAC;
			productReference = C8AB6106219E8FF300A91EBA /* MVVMAC.app */;
			productType = "com.apple.product-type.application";
		};
		C8AB611D219E8FF600A91EBA /* MVVMACTests */ = {
			isa = PBXNativeTarget;
			buildConfigurationList = C8AB6135219E8FF600A91EBA /* Build configuration list for PBXNativeTarget "MVVMACTests" */;
			buildPhases = (
				C8AB611A219E8FF600A91EBA /* Sources */,
				C8AB611B219E8FF600A91EBA /* Frameworks */,
				C8AB611C219E8FF600A91EBA /* Resources */,
			);
			buildRules = (
			);
			dependencies = (
				C8AB6120219E8FF600A91EBA /* PBXTargetDependency */,
			);
			name = MVVMACTests;
			productName = MVVMACTests;
			productReference = C8AB611E219E8FF600A91EBA /* MVVMACTests.xctest */;
			productType = "com.apple.product-type.bundle.unit-test";
		};
		C8AB6128219E8FF600A91EBA /* MVVMACUITests */ = {
			isa = PBXNativeTarget;
			buildConfigurationList = C8AB6138219E8FF600A91EBA /* Build configuration list for PBXNativeTarget "MVVMACUITests" */;
			buildPhases = (
				C8AB6125219E8FF600A91EBA /* Sources */,
				C8AB6126219E8FF600A91EBA /* Frameworks */,
				C8AB6127219E8FF600A91EBA /* Resources */,
			);
			buildRules = (
			);
			dependencies = (
				C8AB612B219E8FF600A91EBA /* PBXTargetDependency */,
			);
			name = MVVMACUITests;
			productName = MVVMACUITests;
			productReference = C8AB6129219E8FF600A91EBA /* MVVMACUITests.xctest */;
			productType = "com.apple.product-type.bundle.ui-testing";
		};
/* End PBXNativeTarget section */

/* Begin PBXProject section */
		C8AB60FE219E8FF300A91EBA /* Project object */ = {
			isa = PBXProject;
			attributes = {
				LastUpgradeCheck = 1010;
				ORGANIZATIONNAME = "雲端開發部-廖彥勛";
				TargetAttributes = {
					C8AB6105219E8FF300A91EBA = {
						CreatedOnToolsVersion = 10.1;
					};
					C8AB611D219E8FF600A91EBA = {
						CreatedOnToolsVersion = 10.1;
						TestTargetID = C8AB6105219E8FF300A91EBA;
					};
					C8AB6128219E8FF600A91EBA = {
						CreatedOnToolsVersion = 10.1;
						TestTargetID = C8AB6105219E8FF300A91EBA;
					};
				};
			};
			buildConfigurationList = C8AB6101219E8FF300A91EBA /* Build configuration list for PBXProject "MVVMAC" */;
			compatibilityVersion = "Xcode 9.3";
			developmentRegion = en;
			hasScannedForEncodings = 0;
			knownRegions = (
				en,
				Base,
			);
			mainGroup = C8AB60FD219E8FF300A91EBA;
			productRefGroup = C8AB6107219E8FF300A91EBA /* Products */;
			projectDirPath = "";
			projectRoot = "";
			targets = (
				C8AB6105219E8FF300A91EBA /* MVVMAC */,
				C8AB611D219E8FF600A91EBA /* MVVMACTests */,
				C8AB6128219E8FF600A91EBA /* MVVMACUITests */,
			);
		};
/* End PBXProject section */

/* Begin PBXResourcesBuildPhase section */
		C8AB6104219E8FF300A91EBA /* Resources */ = {
			isa = PBXResourcesBuildPhase;
			buildActionMask = 2147483647;
			files = (
				C8AB6116219E8FF600A91EBA /* LaunchScreen.storyboard in Resources */,
				C8AB6113219E8FF600A91EBA /* Assets.xcassets in Resources */,
				C8AB6111219E8FF300A91EBA /* Main.storyboard in Resources */,
			);
			runOnlyForDeploymentPostprocessing = 0;
		};
		C8AB611C219E8FF600A91EBA /* Resources */ = {
			isa = PBXResourcesBuildPhase;
			buildActionMask = 2147483647;
			files = (
			);
			runOnlyForDeploymentPostprocessing = 0;
		};
		C8AB6127219E8FF600A91EBA /* Resources */ = {
			isa = PBXResourcesBuildPhase;
			buildActionMask = 2147483647;
			files = (
			);
			runOnlyForDeploymentPostprocessing = 0;
		};
/* End PBXResourcesBuildPhase section */

/* Begin PBXSourcesBuildPhase section */
		C8AB6102219E8FF300A91EBA /* Sources */ = {
			isa = PBXSourcesBuildPhase;
			buildActionMask = 2147483647;
			files = (
				C82456B625E4F61300CB27D5 /* CollectionViewModel.m in Sources */,
				C82456C525E4F76100CB27D5 /* CollectionViewItem.m in Sources */,
				C8D3EC2C25E4EC9700474F01 /* ViewModel.m in Sources */,
				C82456D225E501CA00CB27D5 /* CollectionReusableView.m in Sources */,
				C82456B025E4F5C700CB27D5 /* CollectionViewController.m in Sources */,
				C8AB610E219E8FF300A91EBA /* ViewController.m in Sources */,
				C8D3EC1D25E4D2A600474F01 /* ItemSectionIdentifier.m in Sources */,
				C82456CC25E4F7EB00CB27D5 /* CollectionViewCell.m in Sources */,
				C8D3EC2325E4DE0800474F01 /* Items.m in Sources */,
				C8AB6119219E8FF600A91EBA /* main.m in Sources */,
				C8AB610B219E8FF300A91EBA /* AppDelegate.m in Sources */,
			);
			runOnlyForDeploymentPostprocessing = 0;
		};
		C8AB611A219E8FF600A91EBA /* Sources */ = {
			isa = PBXSourcesBuildPhase;
			buildActionMask = 2147483647;
			files = (
				C8AB6123219E8FF600A91EBA /* MVVMACTests.m in Sources */,
			);
			runOnlyForDeploymentPostprocessing = 0;
		};
		C8AB6125219E8FF600A91EBA /* Sources */ = {
			isa = PBXSourcesBuildPhase;
			buildActionMask = 2147483647;
			files = (
				C8AB612E219E8FF600A91EBA /* MVVMACUITests.m in Sources */,
			);
			runOnlyForDeploymentPostprocessing = 0;
		};
/* End PBXSourcesBuildPhase section */

/* Begin PBXTargetDependency section */
		C8AB6120219E8FF600A91EBA /* PBXTargetDependency */ = {
			isa = PBXTargetDependency;
			target = C8AB6105219E8FF300A91EBA /* MVVMAC */;
			targetProxy = C8AB611F219E8FF600A91EBA /* PBXContainerItemProxy */;
		};
		C8AB612B219E8FF600A91EBA /* PBXTargetDependency */ = {
			isa = PBXTargetDependency;
			target = C8AB6105219E8FF300A91EBA /* MVVMAC */;
			targetProxy = C8AB612A219E8FF600A91EBA /* PBXContainerItemProxy */;
		};
/* End PBXTargetDependency section */

/* Begin PBXVariantGroup section */
		C8AB610F219E8FF300A91EBA /* Main.storyboard */ = {
			isa = PBXVariantGroup;
			children = (
				C8AB6110219E8FF300A91EBA /* Base */,
			);
			name = Main.storyboard;
			sourceTree = "<group>";
		};
		C8AB6114219E8FF600A91EBA /* LaunchScreen.storyboard */ = {
			isa = PBXVariantGroup;
			children = (
				C8AB6115219E8FF600A91EBA /* Base */,
			);
			name = LaunchScreen.storyboard;
			sourceTree = "<group>";
		};
/* End PBXVariantGroup section */

/* Begin XCBuildConfiguration section */
		C8AB6130219E8FF600A91EBA /* Debug */ = {
			isa = XCBuildConfiguration;
			buildSettings = {
				ALWAYS_SEARCH_USER_PATHS = NO;
				CLANG_ANALYZER_NONNULL = YES;
				CLANG_ANALYZER_NUMBER_OBJECT_CONVERSION = YES_AGGRESSIVE;
				CLANG_CXX_LANGUAGE_STANDARD = "gnu++14";
				CLANG_CXX_LIBRARY = "libc++";
				CLANG_ENABLE_MODULES = YES;
				CLANG_ENABLE_OBJC_ARC = YES;
				CLANG_ENABLE_OBJC_WEAK = YES;
				CLANG_WARN_BLOCK_CAPTURE_AUTORELEASING = YES;
				CLANG_WARN_BOOL_CONVERSION = YES;
				CLANG_WARN_COMMA = YES;
				CLANG_WARN_CONSTANT_CONVERSION = YES;
				CLANG_WARN_DEPRECATED_OBJC_IMPLEMENTATIONS = YES;
				CLANG_WARN_DIRECT_OBJC_ISA_USAGE = YES_ERROR;
				CLANG_WARN_DOCUMENTATION_COMMENTS = YES;
				CLANG_WARN_EMPTY_BODY = YES;
				CLANG_WARN_ENUM_CONVERSION = YES;
				CLANG_WARN_INFINITE_RECURSION = YES;
				CLANG_WARN_INT_CONVERSION = YES;
				CLANG_WARN_NON_LITERAL_NULL_CONVERSION = YES;
				CLANG_WARN_OBJC_IMPLICIT_RETAIN_SELF = YES;
				CLANG_WARN_OBJC_LITERAL_CONVERSION = YES;
				CLANG_WARN_OBJC_ROOT_CLASS = YES_ERROR;
				CLANG_WARN_RANGE_LOOP_ANALYSIS = YES;
				CLANG_WARN_STRICT_PROTOTYPES = YES;
				CLANG_WARN_SUSPICIOUS_MOVE = YES;
				CLANG_WARN_UNGUARDED_AVAILABILITY = YES_AGGRESSIVE;
				CLANG_WARN_UNREACHABLE_CODE = YES;
				CLANG_WARN__DUPLICATE_METHOD_MATCH = YES;
				CODE_SIGN_IDENTITY = "iPhone Developer";
				COPY_PHASE_STRIP = NO;
				DEBUG_INFORMATION_FORMAT = dwarf;
				ENABLE_STRICT_OBJC_MSGSEND = YES;
				ENABLE_TESTABILITY = YES;
				GCC_C_LANGUAGE_STANDARD = gnu11;
				GCC_DYNAMIC_NO_PIC = NO;
				GCC_NO_COMMON_BLOCKS = YES;
				GCC_OPTIMIZATION_LEVEL = 0;
				GCC_PREPROCESSOR_DEFINITIONS = (
					"DEBUG=1",
					"$(inherited)",
				);
				GCC_WARN_64_TO_32_BIT_CONVERSION = YES;
				GCC_WARN_ABOUT_RETURN_TYPE = YES_ERROR;
				GCC_WARN_UNDECLARED_SELECTOR = YES;
				GCC_WARN_UNINITIALIZED_AUTOS = YES_AGGRESSIVE;
				GCC_WARN_UNUSED_FUNCTION = YES;
				GCC_WARN_UNUSED_VARIABLE = YES;
				IPHONEOS_DEPLOYMENT_TARGET = 12.1;
				MTL_ENABLE_DEBUG_INFO = INCLUDE_SOURCE;
				MTL_FAST_MATH = YES;
				ONLY_ACTIVE_ARCH = YES;
				SDKROOT = iphoneos;
			};
			name = Debug;
		};
		C8AB6131219E8FF600A91EBA /* Release */ = {
			isa = XCBuildConfiguration;
			buildSettings = {
				ALWAYS_SEARCH_USER_PATHS = NO;
				CLANG_ANALYZER_NONNULL = YES;
				CLANG_ANALYZER_NUMBER_OBJECT_CONVERSION = YES_AGGRESSIVE;
				CLANG_CXX_LANGUAGE_STANDARD = "gnu++14";
				CLANG_CXX_LIBRARY = "libc++";
				CLANG_ENABLE_MODULES = YES;
				CLANG_ENABLE_OBJC_ARC = YES;
				CLANG_ENABLE_OBJC_WEAK = YES;
				CLANG_WARN_BLOCK_CAPTURE_AUTORELEASING = YES;
				CLANG_WARN_BOOL_CONVERSION = YES;
				CLANG_WARN_COMMA = YES;
				CLANG_WARN_CONSTANT_CONVERSION = YES;
				CLANG_WARN_DEPRECATED_OBJC_IMPLEMENTATIONS = YES;
				CLANG_WARN_DIRECT_OBJC_ISA_USAGE = YES_ERROR;
				CLANG_WARN_DOCUMENTATION_COMMENTS = YES;
				CLANG_WARN_EMPTY_BODY = YES;
				CLANG_WARN_ENUM_CONVERSION = YES;
				CLANG_WARN_INFINITE_RECURSION = YES;
				CLANG_WARN_INT_CONVERSION = YES;
				CLANG_WARN_NON_LITERAL_NULL_CONVERSION = YES;
				CLANG_WARN_OBJC_IMPLICIT_RETAIN_SELF = YES;
				CLANG_WARN_OBJC_LITERAL_CONVERSION = YES;
				CLANG_WARN_OBJC_ROOT_CLASS = YES_ERROR;
				CLANG_WARN_RANGE_LOOP_ANALYSIS = YES;
				CLANG_WARN_STRICT_PROTOTYPES = YES;
				CLANG_WARN_SUSPICIOUS_MOVE = YES;
				CLANG_WARN_UNGUARDED_AVAILABILITY = YES_AGGRESSIVE;
				CLANG_WARN_UNREACHABLE_CODE = YES;
				CLANG_WARN__DUPLICATE_METHOD_MATCH = YES;
				CODE_SIGN_IDENTITY = "iPhone Developer";
				COPY_PHASE_STRIP = NO;
				DEBUG_INFORMATION_FORMAT = "dwarf-with-dsym";
				ENABLE_NS_ASSERTIONS = NO;
				ENABLE_STRICT_OBJC_MSGSEND = YES;
				GCC_C_LANGUAGE_STANDARD = gnu11;
				GCC_NO_COMMON_BLOCKS = YES;
				GCC_WARN_64_TO_32_BIT_CONVERSION = YES;
				GCC_WARN_ABOUT_RETURN_TYPE = YES_ERROR;
				GCC_WARN_UNDECLARED_SELECTOR = YES;
				GCC_WARN_UNINITIALIZED_AUTOS = YES_AGGRESSIVE;
				GCC_WARN_UNUSED_FUNCTION = YES;
				GCC_WARN_UNUSED_VARIABLE = YES;
				IPHONEOS_DEPLOYMENT_TARGET = 12.1;
				MTL_ENABLE_DEBUG_INFO = NO;
				MTL_FAST_MATH = YES;
				SDKROOT = iphoneos;
				VALIDATE_PRODUCT = YES;
			};
			name = Release;
		};
		C8AB6133219E8FF600A91EBA /* Debug */ = {
			isa = XCBuildConfiguration;
			buildSettings = {
				ASSETCATALOG_COMPILER_APPICON_NAME = AppIcon;
				CODE_SIGN_STYLE = Automatic;
				INFOPLIST_FILE = MVVMAC/Info.plist;
				LD_RUNPATH_SEARCH_PATHS = (
					"$(inherited)",
					"@executable_path/Frameworks",
				);
				PRODUCT_BUNDLE_IDENTIFIER = william.MVVMAC;
				PRODUCT_NAME = "$(TARGET_NAME)";
				TARGETED_DEVICE_FAMILY = "1,2";
			};
			name = Debug;
		};
		C8AB6134219E8FF600A91EBA /* Release */ = {
			isa = XCBuildConfiguration;
			buildSettings = {
				ASSETCATALOG_COMPILER_APPICON_NAME = AppIcon;
				CODE_SIGN_STYLE = Automatic;
				INFOPLIST_FILE = MVVMAC/Info.plist;
				LD_RUNPATH_SEARCH_PATHS = (
					"$(inherited)",
					"@executable_path/Frameworks",
				);
				PRODUCT_BUNDLE_IDENTIFIER = william.MVVMAC;
				PRODUCT_NAME = "$(TARGET_NAME)";
				TARGETED_DEVICE_FAMILY = "1,2";
			};
			name = Release;
		};
		C8AB6136219E8FF600A91EBA /* Debug */ = {
			isa = XCBuildConfiguration;
			buildSettings = {
				BUNDLE_LOADER = "$(TEST_HOST)";
				CODE_SIGN_STYLE = Automatic;
				INFOPLIST_FILE = MVVMACTests/Info.plist;
				LD_RUNPATH_SEARCH_PATHS = (
					"$(inherited)",
					"@executable_path/Frameworks",
					"@loader_path/Frameworks",
				);
				PRODUCT_BUNDLE_IDENTIFIER = william.MVVMACTests;
				PRODUCT_NAME = "$(TARGET_NAME)";
				TARGETED_DEVICE_FAMILY = "1,2";
				TEST_HOST = "$(BUILT_PRODUCTS_DIR)/MVVMAC.app/MVVMAC";
			};
			name = Debug;
		};
		C8AB6137219E8FF600A91EBA /* Release */ = {
			isa = XCBuildConfiguration;
			buildSettings = {
				BUNDLE_LOADER = "$(TEST_HOST)";
				CODE_SIGN_STYLE = Automatic;
				INFOPLIST_FILE = MVVMACTests/Info.plist;
				LD_RUNPATH_SEARCH_PATHS = (
					"$(inherited)",
					"@executable_path/Frameworks",
					"@loader_path/Frameworks",
				);
				PRODUCT_BUNDLE_IDENTIFIER = william.MVVMACTests;
				PRODUCT_NAME = "$(TARGET_NAME)";
				TARGETED_DEVICE_FAMILY = "1,2";
				TEST_HOST = "$(BUILT_PRODUCTS_DIR)/MVVMAC.app/MVVMAC";
			};
			name = Release;
		};
		C8AB6139219E8FF600A91EBA /* Debug */ = {
			isa = XCBuildConfiguration;
			buildSettings = {
				CODE_SIGN_STYLE = Automatic;
				INFOPLIST_FILE = MVVMACUITests/Info.plist;
				LD_RUNPATH_SEARCH_PATHS = (
					"$(inherited)",
					"@executable_path/Frameworks",
					"@loader_path/Frameworks",
				);
				PRODUCT_BUNDLE_IDENTIFIER = william.MVVMACUITests;
				PRODUCT_NAME = "$(TARGET_NAME)";
				TARGETED_DEVICE_FAMILY = "1,2";
				TEST_TARGET_NAME = MVVMAC;
			};
			name = Debug;
		};
		C8AB613A219E8FF600A91EBA /* Release */ = {
			isa = XCBuildConfiguration;
			buildSettings = {
				CODE_SIGN_STYLE = Automatic;
				INFOPLIST_FILE = MVVMACUITests/Info.plist;
				LD_RUNPATH_SEARCH_PATHS = (
					"$(inherited)",
					"@executable_path/Frameworks",
					"@loader_path/Frameworks",
				);
				PRODUCT_BUNDLE_IDENTIFIER = william.MVVMACUITests;
				PRODUCT_NAME = "$(TARGET_NAME)";
				TARGETED_DEVICE_FAMILY = "1,2";
				TEST_TARGET_NAME = MVVMAC;
			};
			name = Release;
		};
/* End XCBuildConfiguration section */

/* Begin XCConfigurationList section */
		C8AB6101219E8FF300A91EBA /* Build configuration list for PBXProject "MVVMAC" */ = {
			isa = XCConfigurationList;
			buildConfigurations = (
				C8AB6130219E8FF600A91EBA /* Debug */,
				C8AB6131219E8FF600A91EBA /* Release */,
			);
			defaultConfigurationIsVisible = 0;
			defaultConfigurationName = Release;
		};
		C8AB6132219E8FF600A91EBA /* Build configuration list for PBXNativeTarget "MVVMAC" */ = {
			isa = XCConfigurationList;
			buildConfigurations = (
				C8AB6133219E8FF600A91EBA /* Debug */,
				C8AB6134219E8FF600A91EBA /* Release */,
			);
			defaultConfigurationIsVisible = 0;
			defaultConfigurationName = Release;
		};
		C8AB6135219E8FF600A91EBA /* Build configuration list for PBXNativeTarget "MVVMACTests" */ = {
			isa = XCConfigurationList;
			buildConfigurations = (
				C8AB6136219E8FF600A91EBA /* Debug */,
				C8AB6137219E8FF600A91EBA /* Release */,
			);
			defaultConfigurationIsVisible = 0;
			defaultConfigurationName = Release;
		};
		C8AB6138219E8FF600A91EBA /* Build configuration list for PBXNativeTarget "MVVMACUITests" */ = {
			isa = XCConfigurationList;
			buildConfigurations = (
				C8AB6139219E8FF600A91EBA /* Debug */,
				C8AB613A219E8FF600A91EBA /* Release */,
			);
			defaultConfigurationIsVisible = 0;
			defaultConfigurationName = Release;
		};
/* End XCConfigurationList section */
	};
	rootObject = C8AB60FE219E8FF300A91EBA /* Project object */;
}
